
Microsoft Visual Studio Solution File, Format Version 12.00
# Visual Studio Version 17
VisualStudioVersion = 17.5.2.0
MinimumVisualStudioVersion = 10.0.40219.1
Project("{FAE04EC0-301F-11D3-BF4B-00C04F79EFBC}") = "InnSales.Services", "InnSales.Services\InnSales.Services.csproj", "{3BF0C176-91B7-F7BF-D807-636A63094AAB}"
EndProject
Project("{FAE04EC0-301F-11D3-BF4B-00C04F79EFBC}") = "InnSales.Domain", "InnSales.Domain\InnSales.Domain.csproj", "{FD91B9B7-6D42-496A-89E7-3BD31DF10C27}"
EndProject
Project("{FAE04EC0-301F-11D3-BF4B-00C04F79EFBC}") = "InnSales.DataBase", "InnSales.DataBase\InnSales.DataBase.csproj", "{C3E8997A-B96D-465A-9064-4AFF007D3705}"
EndProject
Project("{FAE04EC0-301F-11D3-BF4B-00C04F79EFBC}") = "InnSales.Tests", "InnSales.Tests\InnSales.Tests.csproj", "{6FBE09FF-EC4A-434B-B871-D59F3B198098}"
EndProject
Project("{FAE04EC0-301F-11D3-BF4B-00C04F79EFBC}") = "InnSales.Api", "InnSales.Api\InnSales.Api.csproj", "{BBB233A3-78FC-4C4F-8153-69FE87838E74}"
EndProject
Project("{FAE04EC0-301F-11D3-BF4B-00C04F79EFBC}") = "InnSales.Common", "InnSales.Common\InnSales.Common.csproj", "{2623C4E6-9AD0-4372-A056-FFA741D66B59}"
EndProject
Project("{2150E333-8FDC-42A3-9474-1A3956D46DE8}") = "OrderMicroservice", "OrderMicroservice", "{5B4D06C1-2724-327F-E7D4-5AEEF81B2AFC}"
EndProject
Project("{FAE04EC0-301F-11D3-BF4B-00C04F79EFBC}") = "OrderMicroservice.Common", "OrderMicroservice\OrderMicroservice.Common\OrderMicroservice.Common.csproj", "{C9E7835F-3EEC-46CE-B178-E03C5A96C504}"
EndProject
Project("{FAE04EC0-301F-11D3-BF4B-00C04F79EFBC}") = "OrderMicroservice.Domain", "OrderMicroservice\OrderMicroservice.Domain\OrderMicroservice.Domain.csproj", "{BEA8B57A-5771-42FD-9510-45C58D0AAC48}"
EndProject
Project("{FAE04EC0-301F-11D3-BF4B-00C04F79EFBC}") = "OrderMicroservice.Service", "OrderMicroservice\OrderMicroservice.Service\OrderMicroservice.Service.csproj", "{E5D3C932-3729-40F2-9C5A-21D797F92224}"
EndProject
Project("{FAE04EC0-301F-11D3-BF4B-00C04F79EFBC}") = "OrderMicroservice.Database", "OrderMicroservice\OrderMicroservice.Database\OrderMicroservice.Database.csproj", "{926F47FB-A0CC-4ACD-9D5B-A631F2E09A4B}"
EndProject
Project("{FAE04EC0-301F-11D3-BF4B-00C04F79EFBC}") = "OrderMicroservice.Api", "OrderMicroservice\OrderMicroservice.Api\OrderMicroservice.Api.csproj", "{73412D02-6277-4963-8C35-302EF88C5D1C}"
EndProject
Project("{FAE04EC0-301F-11D3-BF4B-00C04F79EFBC}") = "OrderMicroservice.FunctionApp", "OrderMicroservice\OrderMicroservice.FunctionApp\OrderMicroservice.FunctionApp.csproj", "{2A7ED34D-487F-4091-A852-F9CF08F311FE}"
EndProject
Global
	GlobalSection(SolutionConfigurationPlatforms) = preSolution
		Debug|Any CPU = Debug|Any CPU
		Debug|x64 = Debug|x64
		Debug|x86 = Debug|x86
		Release|Any CPU = Release|Any CPU
		Release|x64 = Release|x64
		Release|x86 = Release|x86
	EndGlobalSection
	GlobalSection(ProjectConfigurationPlatforms) = postSolution
		{3BF0C176-91B7-F7BF-D807-636A63094AAB}.Debug|Any CPU.ActiveCfg = Debug|Any CPU
		{3BF0C176-91B7-F7BF-D807-636A63094AAB}.Debug|Any CPU.Build.0 = Debug|Any CPU
		{3BF0C176-91B7-F7BF-D807-636A63094AAB}.Debug|x64.ActiveCfg = Debug|Any CPU
		{3BF0C176-91B7-F7BF-D807-636A63094AAB}.Debug|x64.Build.0 = Debug|Any CPU
		{3BF0C176-91B7-F7BF-D807-636A63094AAB}.Debug|x86.ActiveCfg = Debug|Any CPU
		{3BF0C176-91B7-F7BF-D807-636A63094AAB}.Debug|x86.Build.0 = Debug|Any CPU
		{3BF0C176-91B7-F7BF-D807-636A63094AAB}.Release|Any CPU.ActiveCfg = Release|Any CPU
		{3BF0C176-91B7-F7BF-D807-636A63094AAB}.Release|Any CPU.Build.0 = Release|Any CPU
		{3BF0C176-91B7-F7BF-D807-636A63094AAB}.Release|x64.ActiveCfg = Release|Any CPU
		{3BF0C176-91B7-F7BF-D807-636A63094AAB}.Release|x64.Build.0 = Release|Any CPU
		{3BF0C176-91B7-F7BF-D807-636A63094AAB}.Release|x86.ActiveCfg = Release|Any CPU
		{3BF0C176-91B7-F7BF-D807-636A63094AAB}.Release|x86.Build.0 = Release|Any CPU
		{FD91B9B7-6D42-496A-89E7-3BD31DF10C27}.Debug|Any CPU.ActiveCfg = Debug|Any CPU
		{FD91B9B7-6D42-496A-89E7-3BD31DF10C27}.Debug|Any CPU.Build.0 = Debug|Any CPU
		{FD91B9B7-6D42-496A-89E7-3BD31DF10C27}.Debug|x64.ActiveCfg = Debug|Any CPU
		{FD91B9B7-6D42-496A-89E7-3BD31DF10C27}.Debug|x64.Build.0 = Debug|Any CPU
		{FD91B9B7-6D42-496A-89E7-3BD31DF10C27}.Debug|x86.ActiveCfg = Debug|Any CPU
		{FD91B9B7-6D42-496A-89E7-3BD31DF10C27}.Debug|x86.Build.0 = Debug|Any CPU
		{FD91B9B7-6D42-496A-89E7-3BD31DF10C27}.Release|Any CPU.ActiveCfg = Release|Any CPU
		{FD91B9B7-6D42-496A-89E7-3BD31DF10C27}.Release|Any CPU.Build.0 = Release|Any CPU
		{FD91B9B7-6D42-496A-89E7-3BD31DF10C27}.Release|x64.ActiveCfg = Release|Any CPU
		{FD91B9B7-6D42-496A-89E7-3BD31DF10C27}.Release|x64.Build.0 = Release|Any CPU
		{FD91B9B7-6D42-496A-89E7-3BD31DF10C27}.Release|x86.ActiveCfg = Release|Any CPU
		{FD91B9B7-6D42-496A-89E7-3BD31DF10C27}.Release|x86.Build.0 = Release|Any CPU
		{C3E8997A-B96D-465A-9064-4AFF007D3705}.Debug|Any CPU.ActiveCfg = Debug|Any CPU
		{C3E8997A-B96D-465A-9064-4AFF007D3705}.Debug|Any CPU.Build.0 = Debug|Any CPU
		{C3E8997A-B96D-465A-9064-4AFF007D3705}.Debug|x64.ActiveCfg = Debug|Any CPU
		{C3E8997A-B96D-465A-9064-4AFF007D3705}.Debug|x64.Build.0 = Debug|Any CPU
		{C3E8997A-B96D-465A-9064-4AFF007D3705}.Debug|x86.ActiveCfg = Debug|Any CPU
		{C3E8997A-B96D-465A-9064-4AFF007D3705}.Debug|x86.Build.0 = Debug|Any CPU
		{C3E8997A-B96D-465A-9064-4AFF007D3705}.Release|Any CPU.ActiveCfg = Release|Any CPU
		{C3E8997A-B96D-465A-9064-4AFF007D3705}.Release|Any CPU.Build.0 = Release|Any CPU
		{C3E8997A-B96D-465A-9064-4AFF007D3705}.Release|x64.ActiveCfg = Release|Any CPU
		{C3E8997A-B96D-465A-9064-4AFF007D3705}.Release|x64.Build.0 = Release|Any CPU
		{C3E8997A-B96D-465A-9064-4AFF007D3705}.Release|x86.ActiveCfg = Release|Any CPU
		{C3E8997A-B96D-465A-9064-4AFF007D3705}.Release|x86.Build.0 = Release|Any CPU
		{6FBE09FF-EC4A-434B-B871-D59F3B198098}.Debug|Any CPU.ActiveCfg = Debug|Any CPU
		{6FBE09FF-EC4A-434B-B871-D59F3B198098}.Debug|Any CPU.Build.0 = Debug|Any CPU
		{6FBE09FF-EC4A-434B-B871-D59F3B198098}.Debug|x64.ActiveCfg = Debug|Any CPU
		{6FBE09FF-EC4A-434B-B871-D59F3B198098}.Debug|x64.Build.0 = Debug|Any CPU
		{6FBE09FF-EC4A-434B-B871-D59F3B198098}.Debug|x86.ActiveCfg = Debug|Any CPU
		{6FBE09FF-EC4A-434B-B871-D59F3B198098}.Debug|x86.Build.0 = Debug|Any CPU
		{6FBE09FF-EC4A-434B-B871-D59F3B198098}.Release|Any CPU.ActiveCfg = Release|Any CPU
		{6FBE09FF-EC4A-434B-B871-D59F3B198098}.Release|Any CPU.Build.0 = Release|Any CPU
		{6FBE09FF-EC4A-434B-B871-D59F3B198098}.Release|x64.ActiveCfg = Release|Any CPU
		{6FBE09FF-EC4A-434B-B871-D59F3B198098}.Release|x64.Build.0 = Release|Any CPU
		{6FBE09FF-EC4A-434B-B871-D59F3B198098}.Release|x86.ActiveCfg = Release|Any CPU
		{6FBE09FF-EC4A-434B-B871-D59F3B198098}.Release|x86.Build.0 = Release|Any CPU
		{BBB233A3-78FC-4C4F-8153-69FE87838E74}.Debug|Any CPU.ActiveCfg = Debug|Any CPU
		{BBB233A3-78FC-4C4F-8153-69FE87838E74}.Debug|Any CPU.Build.0 = Debug|Any CPU
		{BBB233A3-78FC-4C4F-8153-69FE87838E74}.Debug|x64.ActiveCfg = Debug|Any CPU
		{BBB233A3-78FC-4C4F-8153-69FE87838E74}.Debug|x64.Build.0 = Debug|Any CPU
		{BBB233A3-78FC-4C4F-8153-69FE87838E74}.Debug|x86.ActiveCfg = Debug|Any CPU
		{BBB233A3-78FC-4C4F-8153-69FE87838E74}.Debug|x86.Build.0 = Debug|Any CPU
		{BBB233A3-78FC-4C4F-8153-69FE87838E74}.Release|Any CPU.ActiveCfg = Release|Any CPU
		{BBB233A3-78FC-4C4F-8153-69FE87838E74}.Release|Any CPU.Build.0 = Release|Any CPU
		{BBB233A3-78FC-4C4F-8153-69FE87838E74}.Release|x64.ActiveCfg = Release|Any CPU
		{BBB233A3-78FC-4C4F-8153-69FE87838E74}.Release|x64.Build.0 = Release|Any CPU
		{BBB233A3-78FC-4C4F-8153-69FE87838E74}.Release|x86.ActiveCfg = Release|Any CPU
		{BBB233A3-78FC-4C4F-8153-69FE87838E74}.Release|x86.Build.0 = Release|Any CPU
		{2623C4E6-9AD0-4372-A056-FFA741D66B59}.Debug|Any CPU.ActiveCfg = Debug|Any CPU
		{2623C4E6-9AD0-4372-A056-FFA741D66B59}.Debug|Any CPU.Build.0 = Debug|Any CPU
		{2623C4E6-9AD0-4372-A056-FFA741D66B59}.Debug|x64.ActiveCfg = Debug|Any CPU
		{2623C4E6-9AD0-4372-A056-FFA741D66B59}.Debug|x64.Build.0 = Debug|Any CPU
		{2623C4E6-9AD0-4372-A056-FFA741D66B59}.Debug|x86.ActiveCfg = Debug|Any CPU
		{2623C4E6-9AD0-4372-A056-FFA741D66B59}.Debug|x86.Build.0 = Debug|Any CPU
		{2623C4E6-9AD0-4372-A056-FFA741D66B59}.Release|Any CPU.ActiveCfg = Release|Any CPU
		{2623C4E6-9AD0-4372-A056-FFA741D66B59}.Release|Any CPU.Build.0 = Release|Any CPU
		{2623C4E6-9AD0-4372-A056-FFA741D66B59}.Release|x64.ActiveCfg = Release|Any CPU
		{2623C4E6-9AD0-4372-A056-FFA741D66B59}.Release|x64.Build.0 = Release|Any CPU
		{2623C4E6-9AD0-4372-A056-FFA741D66B59}.Release|x86.ActiveCfg = Release|Any CPU
		{2623C4E6-9AD0-4372-A056-FFA741D66B59}.Release|x86.Build.0 = Release|Any CPU
		{C9E7835F-3EEC-46CE-B178-E03C5A96C504}.Debug|Any CPU.ActiveCfg = Debug|Any CPU
		{C9E7835F-3EEC-46CE-B178-E03C5A96C504}.Debug|Any CPU.Build.0 = Debug|Any CPU
		{C9E7835F-3EEC-46CE-B178-E03C5A96C504}.Debug|x64.ActiveCfg = Debug|Any CPU
		{C9E7835F-3EEC-46CE-B178-E03C5A96C504}.Debug|x64.Build.0 = Debug|Any CPU
		{C9E7835F-3EEC-46CE-B178-E03C5A96C504}.Debug|x86.ActiveCfg = Debug|Any CPU
		{C9E7835F-3EEC-46CE-B178-E03C5A96C504}.Debug|x86.Build.0 = Debug|Any CPU
		{C9E7835F-3EEC-46CE-B178-E03C5A96C504}.Release|Any CPU.ActiveCfg = Release|Any CPU
		{C9E7835F-3EEC-46CE-B178-E03C5A96C504}.Release|Any CPU.Build.0 = Release|Any CPU
		{C9E7835F-3EEC-46CE-B178-E03C5A96C504}.Release|x64.ActiveCfg = Release|Any CPU
		{C9E7835F-3EEC-46CE-B178-E03C5A96C504}.Release|x64.Build.0 = Release|Any CPU
		{C9E7835F-3EEC-46CE-B178-E03C5A96C504}.Release|x86.ActiveCfg = Release|Any CPU
		{C9E7835F-3EEC-46CE-B178-E03C5A96C504}.Release|x86.Build.0 = Release|Any CPU
		{BEA8B57A-5771-42FD-9510-45C58D0AAC48}.Debug|Any CPU.ActiveCfg = Debug|Any CPU
		{BEA8B57A-5771-42FD-9510-45C58D0AAC48}.Debug|Any CPU.Build.0 = Debug|Any CPU
		{BEA8B57A-5771-42FD-9510-45C58D0AAC48}.Debug|x64.ActiveCfg = Debug|Any CPU
		{BEA8B57A-5771-42FD-9510-45C58D0AAC48}.Debug|x64.Build.0 = Debug|Any CPU
		{BEA8B57A-5771-42FD-9510-45C58D0AAC48}.Debug|x86.ActiveCfg = Debug|Any CPU
		{BEA8B57A-5771-42FD-9510-45C58D0AAC48}.Debug|x86.Build.0 = Debug|Any CPU
		{BEA8B57A-5771-42FD-9510-45C58D0AAC48}.Release|Any CPU.ActiveCfg = Release|Any CPU
		{BEA8B57A-5771-42FD-9510-45C58D0AAC48}.Release|Any CPU.Build.0 = Release|Any CPU
		{BEA8B57A-5771-42FD-9510-45C58D0AAC48}.Release|x64.ActiveCfg = Release|Any CPU
		{BEA8B57A-5771-42FD-9510-45C58D0AAC48}.Release|x64.Build.0 = Release|Any CPU
		{BEA8B57A-5771-42FD-9510-45C58D0AAC48}.Release|x86.ActiveCfg = Release|Any CPU
		{BEA8B57A-5771-42FD-9510-45C58D0AAC48}.Release|x86.Build.0 = Release|Any CPU
		{E5D3C932-3729-40F2-9C5A-21D797F92224}.Debug|Any CPU.ActiveCfg = Debug|Any CPU
		{E5D3C932-3729-40F2-9C5A-21D797F92224}.Debug|Any CPU.Build.0 = Debug|Any CPU
		{E5D3C932-3729-40F2-9C5A-21D797F92224}.Debug|x64.ActiveCfg = Debug|Any CPU
		{E5D3C932-3729-40F2-9C5A-21D797F92224}.Debug|x64.Build.0 = Debug|Any CPU
		{E5D3C932-3729-40F2-9C5A-21D797F92224}.Debug|x86.ActiveCfg = Debug|Any CPU
		{E5D3C932-3729-40F2-9C5A-21D797F92224}.Debug|x86.Build.0 = Debug|Any CPU
		{E5D3C932-3729-40F2-9C5A-21D797F92224}.Release|Any CPU.ActiveCfg = Release|Any CPU
		{E5D3C932-3729-40F2-9C5A-21D797F92224}.Release|Any CPU.Build.0 = Release|Any CPU
		{E5D3C932-3729-40F2-9C5A-21D797F92224}.Release|x64.ActiveCfg = Release|Any CPU
		{E5D3C932-3729-40F2-9C5A-21D797F92224}.Release|x64.Build.0 = Release|Any CPU
		{E5D3C932-3729-40F2-9C5A-21D797F92224}.Release|x86.ActiveCfg = Release|Any CPU
		{E5D3C932-3729-40F2-9C5A-21D797F92224}.Release|x86.Build.0 = Release|Any CPU
		{926F47FB-A0CC-4ACD-9D5B-A631F2E09A4B}.Debug|Any CPU.ActiveCfg = Debug|Any CPU
		{926F47FB-A0CC-4ACD-9D5B-A631F2E09A4B}.Debug|Any CPU.Build.0 = Debug|Any CPU
		{926F47FB-A0CC-4ACD-9D5B-A631F2E09A4B}.Debug|x64.ActiveCfg = Debug|Any CPU
		{926F47FB-A0CC-4ACD-9D5B-A631F2E09A4B}.Debug|x64.Build.0 = Debug|Any CPU
		{926F47FB-A0CC-4ACD-9D5B-A631F2E09A4B}.Debug|x86.ActiveCfg = Debug|Any CPU
		{926F47FB-A0CC-4ACD-9D5B-A631F2E09A4B}.Debug|x86.Build.0 = Debug|Any CPU
		{926F47FB-A0CC-4ACD-9D5B-A631F2E09A4B}.Release|Any CPU.ActiveCfg = Release|Any CPU
		{926F47FB-A0CC-4ACD-9D5B-A631F2E09A4B}.Release|Any CPU.Build.0 = Release|Any CPU
		{926F47FB-A0CC-4ACD-9D5B-A631F2E09A4B}.Release|x64.ActiveCfg = Release|Any CPU
		{926F47FB-A0CC-4ACD-9D5B-A631F2E09A4B}.Release|x64.Build.0 = Release|Any CPU
		{926F47FB-A0CC-4ACD-9D5B-A631F2E09A4B}.Release|x86.ActiveCfg = Release|Any CPU
		{926F47FB-A0CC-4ACD-9D5B-A631F2E09A4B}.Release|x86.Build.0 = Release|Any CPU
		{73412D02-6277-4963-8C35-302EF88C5D1C}.Debug|Any CPU.ActiveCfg = Debug|Any CPU
		{73412D02-6277-4963-8C35-302EF88C5D1C}.Debug|Any CPU.Build.0 = Debug|Any CPU
		{73412D02-6277-4963-8C35-302EF88C5D1C}.Debug|x64.ActiveCfg = Debug|Any CPU
		{73412D02-6277-4963-8C35-302EF88C5D1C}.Debug|x64.Build.0 = Debug|Any CPU
		{73412D02-6277-4963-8C35-302EF88C5D1C}.Debug|x86.ActiveCfg = Debug|Any CPU
		{73412D02-6277-4963-8C35-302EF88C5D1C}.Debug|x86.Build.0 = Debug|Any CPU
		{73412D02-6277-4963-8C35-302EF88C5D1C}.Release|Any CPU.ActiveCfg = Release|Any CPU
		{73412D02-6277-4963-8C35-302EF88C5D1C}.Release|Any CPU.Build.0 = Release|Any CPU
		{73412D02-6277-4963-8C35-302EF88C5D1C}.Release|x64.ActiveCfg = Release|Any CPU
		{73412D02-6277-4963-8C35-302EF88C5D1C}.Release|x64.Build.0 = Release|Any CPU
		{73412D02-6277-4963-8C35-302EF88C5D1C}.Release|x86.ActiveCfg = Release|Any CPU
		{73412D02-6277-4963-8C35-302EF88C5D1C}.Release|x86.Build.0 = Release|Any CPU
		{2A7ED34D-487F-4091-A852-F9CF08F311FE}.Debug|Any CPU.ActiveCfg = Debug|Any CPU
		{2A7ED34D-487F-4091-A852-F9CF08F311FE}.Debug|Any CPU.Build.0 = Debug|Any CPU
		{2A7ED34D-487F-4091-A852-F9CF08F311FE}.Debug|x64.ActiveCfg = Debug|Any CPU
		{2A7ED34D-487F-4091-A852-F9CF08F311FE}.Debug|x64.Build.0 = Debug|Any CPU
		{2A7ED34D-487F-4091-A852-F9CF08F311FE}.Debug|x86.ActiveCfg = Debug|Any CPU
		{2A7ED34D-487F-4091-A852-F9CF08F311FE}.Debug|x86.Build.0 = Debug|Any CPU
		{2A7ED34D-487F-4091-A852-F9CF08F311FE}.Release|Any CPU.ActiveCfg = Release|Any CPU
		{2A7ED34D-487F-4091-A852-F9CF08F311FE}.Release|Any CPU.Build.0 = Release|Any CPU
		{2A7ED34D-487F-4091-A852-F9CF08F311FE}.Release|x64.ActiveCfg = Release|Any CPU
		{2A7ED34D-487F-4091-A852-F9CF08F311FE}.Release|x64.Build.0 = Release|Any CPU
		{2A7ED34D-487F-4091-A852-F9CF08F311FE}.Release|x86.ActiveCfg = Release|Any CPU
		{2A7ED34D-487F-4091-A852-F9CF08F311FE}.Release|x86.Build.0 = Release|Any CPU
	EndGlobalSection
	GlobalSection(SolutionProperties) = preSolution
		HideSolutionNode = FALSE
	EndGlobalSection
	GlobalSection(NestedProjects) = preSolution
		{C9E7835F-3EEC-46CE-B178-E03C5A96C504} = {5B4D06C1-2724-327F-E7D4-5AEEF81B2AFC}
		{BEA8B57A-5771-42FD-9510-45C58D0AAC48} = {5B4D06C1-2724-327F-E7D4-5AEEF81B2AFC}
		{E5D3C932-3729-40F2-9C5A-21D797F92224} = {5B4D06C1-2724-327F-E7D4-5AEEF81B2AFC}
		{926F47FB-A0CC-4ACD-9D5B-A631F2E09A4B} = {5B4D06C1-2724-327F-E7D4-5AEEF81B2AFC}
		{73412D02-6277-4963-8C35-302EF88C5D1C} = {5B4D06C1-2724-327F-E7D4-5AEEF81B2AFC}
		{2A7ED34D-487F-4091-A852-F9CF08F311FE} = {5B4D06C1-2724-327F-E7D4-5AEEF81B2AFC}
	EndGlobalSection
	GlobalSection(ExtensibilityGlobals) = postSolution
		SolutionGuid = {8E2809B6-A7EA-4775-933F-5CDCA624061D}
	EndGlobalSection
EndGlobal
